// !$*UTF8*$!
{
	archiveVersion = 1;
	classes = {
	};
	objectVersion = 50;
	objects = {

/* Begin PBXBuildFile section */
		FD3DE2C722EAA10B0094914C /* AppDelegate.m in Sources */ = {isa = PBXBuildFile; fileRef = FD3DE2C622EAA10B0094914C /* AppDelegate.m */; };
		FD3DE2CA22EAA10B0094914C /* ViewController.m in Sources */ = {isa = PBXBuildFile; fileRef = FD3DE2C922EAA10B0094914C /* ViewController.m */; };
		FD3DE2CF22EAA10E0094914C /* Assets.xcassets in Resources */ = {isa = PBXBuildFile; fileRef = FD3DE2CE22EAA10E0094914C /* Assets.xcassets */; };
		FD3DE2D222EAA10E0094914C /* LaunchScreen.storyboard in Resources */ = {isa = PBXBuildFile; fileRef = FD3DE2D022EAA10E0094914C /* LaunchScreen.storyboard */; };
		FD3DE2D522EAA10E0094914C /* main.m in Sources */ = {isa = PBXBuildFile; fileRef = FD3DE2D422EAA10E0094914C /* main.m */; };
		FD3DE2DF22EAA10F0094914C /* YWPhotoViewTests.m in Sources */ = {isa = PBXBuildFile; fileRef = FD3DE2DE22EAA10F0094914C /* YWPhotoViewTests.m */; };
		FD3DE2EA22EAA10F0094914C /* YWPhotoViewUITests.m in Sources */ = {isa = PBXBuildFile; fileRef = FD3DE2E922EAA10F0094914C /* YWPhotoViewUITests.m */; };
		FDD7BC2522F1986800063B6C /* YWPhotoController.m in Sources */ = {isa = PBXBuildFile; fileRef = FDD7BC2322F1986800063B6C /* YWPhotoController.m */; };
		FDD7BC2622F1986800063B6C /* YWPhotoController.xib in Resources */ = {isa = PBXBuildFile; fileRef = FDD7BC2422F1986800063B6C /* YWPhotoController.xib */; };
		FDD7BC2922F1991B00063B6C /* YWPhotoView2.m in Sources */ = {isa = PBXBuildFile; fileRef = FDD7BC2722F1991B00063B6C /* YWPhotoView2.m */; };
		FDD7BC2C22F1992800063B6C /* YWEditPhotoLayout.m in Sources */ = {isa = PBXBuildFile; fileRef = FDD7BC2B22F1992800063B6C /* YWEditPhotoLayout.m */; };
		FDD7BC3322F1994200063B6C /* YWEditPhotoCell.xib in Resources */ = {isa = PBXBuildFile; fileRef = FDD7BC2F22F1994200063B6C /* YWEditPhotoCell.xib */; };
		FDD7BC3422F1994200063B6C /* YWEditAddCell.m in Sources */ = {isa = PBXBuildFile; fileRef = FDD7BC3022F1994200063B6C /* YWEditAddCell.m */; };
		FDD7BC3522F1994200063B6C /* YWEditPhotoCell.m in Sources */ = {isa = PBXBuildFile; fileRef = FDD7BC3122F1994200063B6C /* YWEditPhotoCell.m */; };
		FDD7BC3622F1994200063B6C /* YWEditAddCell.xib in Resources */ = {isa = PBXBuildFile; fileRef = FDD7BC3222F1994200063B6C /* YWEditAddCell.xib */; };
		FDD7BC3B22F19C7E00063B6C /* YWEditImageStatus.m in Sources */ = {isa = PBXBuildFile; fileRef = FDD7BC3822F19C7E00063B6C /* YWEditImageStatus.m */; };
		FDD7BC3C22F19C7E00063B6C /* YWEditAddStatus.m in Sources */ = {isa = PBXBuildFile; fileRef = FDD7BC3A22F19C7E00063B6C /* YWEditAddStatus.m */; };
/* End PBXBuildFile section */

/* Begin PBXContainerItemProxy section */
		FD3DE2DB22EAA10F0094914C /* PBXContainerItemProxy */ = {
			isa = PBXContainerItemProxy;
			containerPortal = FD3DE2BA22EAA10B0094914C /* Project object */;
			proxyType = 1;
			remoteGlobalIDString = FD3DE2C122EAA10B0094914C;
			remoteInfo = YWPhotoView;
		};
		FD3DE2E622EAA10F0094914C /* PBXContainerItemProxy */ = {
			isa = PBXContainerItemProxy;
			containerPortal = FD3DE2BA22EAA10B0094914C /* Project object */;
			proxyType = 1;
			remoteGlobalIDString = FD3DE2C122EAA10B0094914C;
			remoteInfo = YWPhotoView;
		};
/* End PBXContainerItemProxy section */

/* Begin PBXFileReference section */
		FD3DE2C222EAA10B0094914C /* YWPhotoView.app */ = {isa = PBXFileReference; explicitFileType = wrapper.application; includeInIndex = 0; path = YWPhotoView.app; sourceTree = BUILT_PRODUCTS_DIR; };
		FD3DE2C522EAA10B0094914C /* AppDelegate.h */ = {isa = PBXFileReference; lastKnownFileType = sourcecode.c.h; path = AppDelegate.h; sourceTree = "<group>"; };
		FD3DE2C622EAA10B0094914C /* AppDelegate.m */ = {isa = PBXFileReference; lastKnownFileType = sourcecode.c.objc; path = AppDelegate.m; sourceTree = "<group>"; };
		FD3DE2C822EAA10B0094914C /* ViewController.h */ = {isa = PBXFileReference; lastKnownFileType = sourcecode.c.h; path = ViewController.h; sourceTree = "<group>"; };
		FD3DE2C922EAA10B0094914C /* ViewController.m */ = {isa = PBXFileReference; lastKnownFileType = sourcecode.c.objc; path = ViewController.m; sourceTree = "<group>"; };
		FD3DE2CE22EAA10E0094914C /* Assets.xcassets */ = {isa = PBXFileReference; lastKnownFileType = folder.assetcatalog; path = Assets.xcassets; sourceTree = "<group>"; };
		FD3DE2D122EAA10E0094914C /* Base */ = {isa = PBXFileReference; lastKnownFileType = file.storyboard; name = Base; path = Base.lproj/LaunchScreen.storyboard; sourceTree = "<group>"; };
		FD3DE2D322EAA10E0094914C /* Info.plist */ = {isa = PBXFileReference; lastKnownFileType = text.plist.xml; path = Info.plist; sourceTree = "<group>"; };
		FD3DE2D422EAA10E0094914C /* main.m */ = {isa = PBXFileReference; lastKnownFileType = sourcecode.c.objc; path = main.m; sourceTree = "<group>"; };
		FD3DE2DA22EAA10F0094914C /* YWPhotoViewTests.xctest */ = {isa = PBXFileReference; explicitFileType = wrapper.cfbundle; includeInIndex = 0; path = YWPhotoViewTests.xctest; sourceTree = BUILT_PRODUCTS_DIR; };
		FD3DE2DE22EAA10F0094914C /* YWPhotoViewTests.m */ = {isa = PBXFileReference; lastKnownFileType = sourcecode.c.objc; path = YWPhotoViewTests.m; sourceTree = "<group>"; };
		FD3DE2E022EAA10F0094914C /* Info.plist */ = {isa = PBXFileReference; lastKnownFileType = text.plist.xml; path = Info.plist; sourceTree = "<group>"; };
		FD3DE2E522EAA10F0094914C /* YWPhotoViewUITests.xctest */ = {isa = PBXFileReference; explicitFileType = wrapper.cfbundle; includeInIndex = 0; path = YWPhotoViewUITests.xctest; sourceTree = BUILT_PRODUCTS_DIR; };
		FD3DE2E922EAA10F0094914C /* YWPhotoViewUITests.m */ = {isa = PBXFileReference; lastKnownFileType = sourcecode.c.objc; path = YWPhotoViewUITests.m; sourceTree = "<group>"; };
		FD3DE2EB22EAA10F0094914C /* Info.plist */ = {isa = PBXFileReference; lastKnownFileType = text.plist.xml; path = Info.plist; sourceTree = "<group>"; };
		FDCB661222F28E2A00042CC9 /* PrefixHeader.pch */ = {isa = PBXFileReference; lastKnownFileType = sourcecode.c.h; path = PrefixHeader.pch; sourceTree = "<group>"; };
		FDD7BC2222F1986800063B6C /* YWPhotoController.h */ = {isa = PBXFileReference; lastKnownFileType = sourcecode.c.h; path = YWPhotoController.h; sourceTree = "<group>"; };
		FDD7BC2322F1986800063B6C /* YWPhotoController.m */ = {isa = PBXFileReference; lastKnownFileType = sourcecode.c.objc; path = YWPhotoController.m; sourceTree = "<group>"; };
		FDD7BC2422F1986800063B6C /* YWPhotoController.xib */ = {isa = PBXFileReference; lastKnownFileType = file.xib; path = YWPhotoController.xib; sourceTree = "<group>"; };
		FDD7BC2722F1991B00063B6C /* YWPhotoView2.m */ = {isa = PBXFileReference; fileEncoding = 4; lastKnownFileType = sourcecode.c.objc; path = YWPhotoView2.m; sourceTree = "<group>"; };
		FDD7BC2822F1991B00063B6C /* YWPhotoView2.h */ = {isa = PBXFileReference; fileEncoding = 4; lastKnownFileType = sourcecode.c.h; path = YWPhotoView2.h; sourceTree = "<group>"; };
		FDD7BC2A22F1992800063B6C /* YWEditPhotoLayout.h */ = {isa = PBXFileReference; fileEncoding = 4; lastKnownFileType = sourcecode.c.h; path = YWEditPhotoLayout.h; sourceTree = "<group>"; };
		FDD7BC2B22F1992800063B6C /* YWEditPhotoLayout.m */ = {isa = PBXFileReference; fileEncoding = 4; lastKnownFileType = sourcecode.c.objc; path = YWEditPhotoLayout.m; sourceTree = "<group>"; };
		FDD7BC2D22F1994200063B6C /* YWEditAddCell.h */ = {isa = PBXFileReference; fileEncoding = 4; lastKnownFileType = sourcecode.c.h; path = YWEditAddCell.h; sourceTree = "<group>"; };
		FDD7BC2E22F1994200063B6C /* YWEditPhotoCell.h */ = {isa = PBXFileReference; fileEncoding = 4; lastKnownFileType = sourcecode.c.h; path = YWEditPhotoCell.h; sourceTree = "<group>"; };
		FDD7BC2F22F1994200063B6C /* YWEditPhotoCell.xib */ = {isa = PBXFileReference; fileEncoding = 4; lastKnownFileType = file.xib; path = YWEditPhotoCell.xib; sourceTree = "<group>"; };
		FDD7BC3022F1994200063B6C /* YWEditAddCell.m */ = {isa = PBXFileReference; fileEncoding = 4; lastKnownFileType = sourcecode.c.objc; path = YWEditAddCell.m; sourceTree = "<group>"; };
		FDD7BC3122F1994200063B6C /* YWEditPhotoCell.m */ = {isa = PBXFileReference; fileEncoding = 4; lastKnownFileType = sourcecode.c.objc; path = YWEditPhotoCell.m; sourceTree = "<group>"; };
		FDD7BC3222F1994200063B6C /* YWEditAddCell.xib */ = {isa = PBXFileReference; fileEncoding = 4; lastKnownFileType = file.xib; path = YWEditAddCell.xib; sourceTree = "<group>"; };
		FDD7BC3722F19C7E00063B6C /* YWEditImageStatus.h */ = {isa = PBXFileReference; fileEncoding = 4; lastKnownFileType = sourcecode.c.h; path = YWEditImageStatus.h; sourceTree = "<group>"; };
		FDD7BC3822F19C7E00063B6C /* YWEditImageStatus.m */ = {isa = PBXFileReference; fileEncoding = 4; lastKnownFileType = sourcecode.c.objc; path = YWEditImageStatus.m; sourceTree = "<group>"; };
		FDD7BC3922F19C7E00063B6C /* YWEditAddStatus.h */ = {isa = PBXFileReference; fileEncoding = 4; lastKnownFileType = sourcecode.c.h; path = YWEditAddStatus.h; sourceTree = "<group>"; };
		FDD7BC3A22F19C7E00063B6C /* YWEditAddStatus.m */ = {isa = PBXFileReference; fileEncoding = 4; lastKnownFileType = sourcecode.c.objc; path = YWEditAddStatus.m; sourceTree = "<group>"; };
/* End PBXFileReference section */

/* Begin PBXFrameworksBuildPhase section */
		FD3DE2BF22EAA10B0094914C /* Frameworks */ = {
			isa = PBXFrameworksBuildPhase;
			buildActionMask = 2147483647;
			files = (
			);
			runOnlyForDeploymentPostprocessing = 0;
		};
		FD3DE2D722EAA10F0094914C /* Frameworks */ = {
			isa = PBXFrameworksBuildPhase;
			buildActionMask = 2147483647;
			files = (
			);
			runOnlyForDeploymentPostprocessing = 0;
		};
		FD3DE2E222EAA10F0094914C /* Frameworks */ = {
			isa = PBXFrameworksBuildPhase;
			buildActionMask = 2147483647;
			files = (
			);
			runOnlyForDeploymentPostprocessing = 0;
		};
/* End PBXFrameworksBuildPhase section */

/* Begin PBXGroup section */
		FD3DE2B922EAA10B0094914C = {
			isa = PBXGroup;
			children = (
				FD3DE2C422EAA10B0094914C /* YWPhotoView */,
				FD3DE2DD22EAA10F0094914C /* YWPhotoViewTests */,
				FD3DE2E822EAA10F0094914C /* YWPhotoViewUITests */,
				FD3DE2C322EAA10B0094914C /* Products */,
			);
			sourceTree = "<group>";
		};
		FD3DE2C322EAA10B0094914C /* Products */ = {
			isa = PBXGroup;
			children = (
				FD3DE2C222EAA10B0094914C /* YWPhotoView.app */,
				FD3DE2DA22EAA10F0094914C /* YWPhotoViewTests.xctest */,
				FD3DE2E522EAA10F0094914C /* YWPhotoViewUITests.xctest */,
			);
			name = Products;
			sourceTree = "<group>";
		};
		FD3DE2C422EAA10B0094914C /* YWPhotoView */ = {
			isa = PBXGroup;
			children = (
				FDD7BC1C22F1983500063B6C /* YWPhoto(编辑相片顺序) */,
				FD3DE2C522EAA10B0094914C /* AppDelegate.h */,
				FD3DE2C622EAA10B0094914C /* AppDelegate.m */,
				FDCB661222F28E2A00042CC9 /* PrefixHeader.pch */,
				FD3DE2C822EAA10B0094914C /* ViewController.h */,
				FD3DE2C922EAA10B0094914C /* ViewController.m */,
				FD3DE2CE22EAA10E0094914C /* Assets.xcassets */,
				FD3DE2D022EAA10E0094914C /* LaunchScreen.storyboard */,
				FD3DE2D322EAA10E0094914C /* Info.plist */,
				FD3DE2D422EAA10E0094914C /* main.m */,
			);
			path = YWPhotoView;
			sourceTree = "<group>";
		};
		FD3DE2DD22EAA10F0094914C /* YWPhotoViewTests */ = {
			isa = PBXGroup;
			children = (
				FD3DE2DE22EAA10F0094914C /* YWPhotoViewTests.m */,
				FD3DE2E022EAA10F0094914C /* Info.plist */,
			);
			path = YWPhotoViewTests;
			sourceTree = "<group>";
		};
		FD3DE2E822EAA10F0094914C /* YWPhotoViewUITests */ = {
			isa = PBXGroup;
			children = (
				FD3DE2E922EAA10F0094914C /* YWPhotoViewUITests.m */,
				FD3DE2EB22EAA10F0094914C /* Info.plist */,
			);
			path = YWPhotoViewUITests;
			sourceTree = "<group>";
		};
		FDD7BC1C22F1983500063B6C /* YWPhoto(编辑相片顺序) */ = {
			isa = PBXGroup;
			children = (
				FDD7BC1D22F1983500063B6C /* Controller */,
				FDD7BC1E22F1983500063B6C /* Model */,
				FDD7BC2022F1983500063B6C /* View */,
				FDD7BC2122F1983500063B6C /* Tool */,
			);
			path = "YWPhoto(编辑相片顺序)";
			sourceTree = "<group>";
		};
		FDD7BC1D22F1983500063B6C /* Controller */ = {
			isa = PBXGroup;
			children = (
				FDD7BC2222F1986800063B6C /* YWPhotoController.h */,
				FDD7BC2322F1986800063B6C /* YWPhotoController.m */,
				FDD7BC2422F1986800063B6C /* YWPhotoController.xib */,
			);
			path = Controller;
			sourceTree = "<group>";
		};
		FDD7BC1E22F1983500063B6C /* Model */ = {
			isa = PBXGroup;
			children = (
				FDD7BC3922F19C7E00063B6C /* YWEditAddStatus.h */,
				FDD7BC3A22F19C7E00063B6C /* YWEditAddStatus.m */,
				FDD7BC3722F19C7E00063B6C /* YWEditImageStatus.h */,
				FDD7BC3822F19C7E00063B6C /* YWEditImageStatus.m */,
				FDD7BC1F22F1983500063B6C /* Param */,
			);
			path = Model;
			sourceTree = "<group>";
		};
		FDD7BC1F22F1983500063B6C /* Param */ = {
			isa = PBXGroup;
			children = (
			);
			path = Param;
			sourceTree = "<group>";
		};
		FDD7BC2022F1983500063B6C /* View */ = {
			isa = PBXGroup;
			children = (
				FDD7BC2822F1991B00063B6C /* YWPhotoView2.h */,
				FDD7BC2722F1991B00063B6C /* YWPhotoView2.m */,
				FDD7BC2A22F1992800063B6C /* YWEditPhotoLayout.h */,
				FDD7BC2B22F1992800063B6C /* YWEditPhotoLayout.m */,
				FDD7BC2D22F1994200063B6C /* YWEditAddCell.h */,
				FDD7BC3022F1994200063B6C /* YWEditAddCell.m */,
				FDD7BC3222F1994200063B6C /* YWEditAddCell.xib */,
				FDD7BC2E22F1994200063B6C /* YWEditPhotoCell.h */,
				FDD7BC3122F1994200063B6C /* YWEditPhotoCell.m */,
				FDD7BC2F22F1994200063B6C /* YWEditPhotoCell.xib */,
			);
			path = View;
			sourceTree = "<group>";
		};
		FDD7BC2122F1983500063B6C /* Tool */ = {
			isa = PBXGroup;
			children = (
			);
			path = Tool;
			sourceTree = "<group>";
		};
/* End PBXGroup section */

/* Begin PBXNativeTarget section */
		FD3DE2C122EAA10B0094914C /* YWPhotoView */ = {
			isa = PBXNativeTarget;
			buildConfigurationList = FD3DE2EE22EAA10F0094914C /* Build configuration list for PBXNativeTarget "YWPhotoView" */;
			buildPhases = (
				FD3DE2BE22EAA10B0094914C /* Sources */,
				FD3DE2BF22EAA10B0094914C /* Frameworks */,
				FD3DE2C022EAA10B0094914C /* Resources */,
			);
			buildRules = (
			);
			dependencies = (
			);
			name = YWPhotoView;
			productName = YWPhotoView;
			productReference = FD3DE2C222EAA10B0094914C /* YWPhotoView.app */;
			productType = "com.apple.product-type.application";
		};
		FD3DE2D922EAA10F0094914C /* YWPhotoViewTests */ = {
			isa = PBXNativeTarget;
			buildConfigurationList = FD3DE2F122EAA10F0094914C /* Build configuration list for PBXNativeTarget "YWPhotoViewTests" */;
			buildPhases = (
				FD3DE2D622EAA10F0094914C /* Sources */,
				FD3DE2D722EAA10F0094914C /* Frameworks */,
				FD3DE2D822EAA10F0094914C /* Resources */,
			);
			buildRules = (
			);
			dependencies = (
				FD3DE2DC22EAA10F0094914C /* PBXTargetDependency */,
			);
			name = YWPhotoViewTests;
			productName = YWPhotoViewTests;
			productReference = FD3DE2DA22EAA10F0094914C /* YWPhotoViewTests.xctest */;
			productType = "com.apple.product-type.bundle.unit-test";
		};
		FD3DE2E422EAA10F0094914C /* YWPhotoViewUITests */ = {
			isa = PBXNativeTarget;
			buildConfigurationList = FD3DE2F422EAA10F0094914C /* Build configuration list for PBXNativeTarget "YWPhotoViewUITests" */;
			buildPhases = (
				FD3DE2E122EAA10F0094914C /* Sources */,
				FD3DE2E222EAA10F0094914C /* Frameworks */,
				FD3DE2E322EAA10F0094914C /* Resources */,
			);
			buildRules = (
			);
			dependencies = (
				FD3DE2E722EAA10F0094914C /* PBXTargetDependency */,
			);
			name = YWPhotoViewUITests;
			productName = YWPhotoViewUITests;
			productReference = FD3DE2E522EAA10F0094914C /* YWPhotoViewUITests.xctest */;
			productType = "com.apple.product-type.bundle.ui-testing";
		};
/* End PBXNativeTarget section */

/* Begin PBXProject section */
		FD3DE2BA22EAA10B0094914C /* Project object */ = {
			isa = PBXProject;
			attributes = {
				LastUpgradeCheck = 1020;
				ORGANIZATIONNAME = YW;
				TargetAttributes = {
					FD3DE2C122EAA10B0094914C = {
						CreatedOnToolsVersion = 10.2.1;
					};
					FD3DE2D922EAA10F0094914C = {
						CreatedOnToolsVersion = 10.2.1;
						TestTargetID = FD3DE2C122EAA10B0094914C;
					};
					FD3DE2E422EAA10F0094914C = {
						CreatedOnToolsVersion = 10.2.1;
						TestTargetID = FD3DE2C122EAA10B0094914C;
					};
				};
			};
			buildConfigurationList = FD3DE2BD22EAA10B0094914C /* Build configuration list for PBXProject "YWPhotoView" */;
			compatibilityVersion = "Xcode 9.3";
			developmentRegion = en;
			hasScannedForEncodings = 0;
			knownRegions = (
				en,
				Base,
			);
			mainGroup = FD3DE2B922EAA10B0094914C;
			productRefGroup = FD3DE2C322EAA10B0094914C /* Products */;
			projectDirPath = "";
			projectRoot = "";
			targets = (
				FD3DE2C122EAA10B0094914C /* YWPhotoView */,
				FD3DE2D922EAA10F0094914C /* YWPhotoViewTests */,
				FD3DE2E422EAA10F0094914C /* YWPhotoViewUITests */,
			);
		};
/* End PBXProject section */

/* Begin PBXResourcesBuildPhase section */
		FD3DE2C022EAA10B0094914C /* Resources */ = {
			isa = PBXResourcesBuildPhase;
			buildActionMask = 2147483647;
			files = (
				FDD7BC3322F1994200063B6C /* YWEditPhotoCell.xib in Resources */,
				FD3DE2D222EAA10E0094914C /* LaunchScreen.storyboard in Resources */,
				FDD7BC2622F1986800063B6C /* YWPhotoController.xib in Resources */,
				FDD7BC3622F1994200063B6C /* YWEditAddCell.xib in Resources */,
				FD3DE2CF22EAA10E0094914C /* Assets.xcassets in Resources */,
			);
			runOnlyForDeploymentPostprocessing = 0;
		};
		FD3DE2D822EAA10F0094914C /* Resources */ = {
			isa = PBXResourcesBuildPhase;
			buildActionMask = 2147483647;
			files = (
			);
			runOnlyForDeploymentPostprocessing = 0;
		};
		FD3DE2E322EAA10F0094914C /* Resources */ = {
			isa = PBXResourcesBuildPhase;
			buildActionMask = 2147483647;
			files = (
			);
			runOnlyForDeploymentPostprocessing = 0;
		};
/* End PBXResourcesBuildPhase section */

/* Begin PBXSourcesBuildPhase section */
		FD3DE2BE22EAA10B0094914C /* Sources */ = {
			isa = PBXSourcesBuildPhase;
			buildActionMask = 2147483647;
			files = (
				FDD7BC2522F1986800063B6C /* YWPhotoController.m in Sources */,
				FD3DE2CA22EAA10B0094914C /* ViewController.m in Sources */,
				FDD7BC3B22F19C7E00063B6C /* YWEditImageStatus.m in Sources */,
				FDD7BC2C22F1992800063B6C /* YWEditPhotoLayout.m in Sources */,
				FD3DE2D522EAA10E0094914C /* main.m in Sources */,
				FDD7BC3C22F19C7E00063B6C /* YWEditAddStatus.m in Sources */,
				FDD7BC3522F1994200063B6C /* YWEditPhotoCell.m in Sources */,
				FDD7BC2922F1991B00063B6C /* YWPhotoView2.m in Sources */,
				FDD7BC3422F1994200063B6C /* YWEditAddCell.m in Sources */,
				FD3DE2C722EAA10B0094914C /* AppDelegate.m in Sources */,
			);
			runOnlyForDeploymentPostprocessing = 0;
		};
		FD3DE2D622EAA10F0094914C /* Sources */ = {
			isa = PBXSourcesBuildPhase;
			buildActionMask = 2147483647;
			files = (
				FD3DE2DF22EAA10F0094914C /* YWPhotoViewTests.m in Sources */,
			);
			runOnlyForDeploymentPostprocessing = 0;
		};
		FD3DE2E122EAA10F0094914C /* Sources */ = {
			isa = PBXSourcesBuildPhase;
			buildActionMask = 2147483647;
			files = (
				FD3DE2EA22EAA10F0094914C /* YWPhotoViewUITests.m in Sources */,
			);
			runOnlyForDeploymentPostprocessing = 0;
		};
/* End PBXSourcesBuildPhase section */

/* Begin PBXTargetDependency section */
		FD3DE2DC22EAA10F0094914C /* PBXTargetDependency */ = {
			isa = PBXTargetDependency;
			target = FD3DE2C122EAA10B0094914C /* YWPhotoView */;
			targetProxy = FD3DE2DB22EAA10F0094914C /* PBXContainerItemProxy */;
		};
		FD3DE2E722EAA10F0094914C /* PBXTargetDependency */ = {
			isa = PBXTargetDependency;
			target = FD3DE2C122EAA10B0094914C /* YWPhotoView */;
			targetProxy = FD3DE2E622EAA10F0094914C /* PBXContainerItemProxy */;
		};
/* End PBXTargetDependency section */

/* Begin PBXVariantGroup section */
		FD3DE2D022EAA10E0094914C /* LaunchScreen.storyboard */ = {
			isa = PBXVariantGroup;
			children = (
				FD3DE2D122EAA10E0094914C /* Base */,
			);
			name = LaunchScreen.storyboard;
			sourceTree = "<group>";
		};
/* End PBXVariantGroup section */

/* Begin XCBuildConfiguration section */
		FD3DE2EC22EAA10F0094914C /* Debug */ = {
			isa = XCBuildConfiguration;
			buildSettings = {
				ALWAYS_SEARCH_USER_PATHS = NO;
				CLANG_ANALYZER_NONNULL = YES;
				CLANG_ANALYZER_NUMBER_OBJECT_CONVERSION = YES_AGGRESSIVE;
				CLANG_CXX_LANGUAGE_STANDARD = "gnu++14";
				CLANG_CXX_LIBRARY = "libc++";
				CLANG_ENABLE_MODULES = YES;
				CLANG_ENABLE_OBJC_ARC = YES;
				CLANG_ENABLE_OBJC_WEAK = YES;
				CLANG_WARN_BLOCK_CAPTURE_AUTORELEASING = YES;
				CLANG_WARN_BOOL_CONVERSION = YES;
				CLANG_WARN_COMMA = YES;
				CLANG_WARN_CONSTANT_CONVERSION = YES;
				CLANG_WARN_DEPRECATED_OBJC_IMPLEMENTATIONS = YES;
				CLANG_WARN_DIRECT_OBJC_ISA_USAGE = YES_ERROR;
				CLANG_WARN_DOCUMENTATION_COMMENTS = YES;
				CLANG_WARN_EMPTY_BODY = YES;
				CLANG_WARN_ENUM_CONVERSION = YES;
				CLANG_WARN_INFINITE_RECURSION = YES;
				CLANG_WARN_INT_CONVERSION = YES;
				CLANG_WARN_NON_LITERAL_NULL_CONVERSION = YES;
				CLANG_WARN_OBJC_IMPLICIT_RETAIN_SELF = YES;
				CLANG_WARN_OBJC_LITERAL_CONVERSION = YES;
				CLANG_WARN_OBJC_ROOT_CLASS = YES_ERROR;
				CLANG_WARN_RANGE_LOOP_ANALYSIS = YES;
				CLANG_WARN_STRICT_PROTOTYPES = YES;
				CLANG_WARN_SUSPICIOUS_MOVE = YES;
				CLANG_WARN_UNGUARDED_AVAILABILITY = YES_AGGRESSIVE;
				CLANG_WARN_UNREACHABLE_CODE = YES;
				CLANG_WARN__DUPLICATE_METHOD_MATCH = YES;
				CODE_SIGN_IDENTITY = "iPhone Developer";
				COPY_PHASE_STRIP = NO;
				DEBUG_INFORMATION_FORMAT = dwarf;
				ENABLE_STRICT_OBJC_MSGSEND = YES;
				ENABLE_TESTABILITY = YES;
				GCC_C_LANGUAGE_STANDARD = gnu11;
				GCC_DYNAMIC_NO_PIC = NO;
				GCC_NO_COMMON_BLOCKS = YES;
				GCC_OPTIMIZATION_LEVEL = 0;
				GCC_PREPROCESSOR_DEFINITIONS = (
					"DEBUG=1",
					"$(inherited)",
				);
				GCC_WARN_64_TO_32_BIT_CONVERSION = YES;
				GCC_WARN_ABOUT_RETURN_TYPE = YES_ERROR;
				GCC_WARN_UNDECLARED_SELECTOR = YES;
				GCC_WARN_UNINITIALIZED_AUTOS = YES_AGGRESSIVE;
				GCC_WARN_UNUSED_FUNCTION = YES;
				GCC_WARN_UNUSED_VARIABLE = YES;
				IPHONEOS_DEPLOYMENT_TARGET = 8.0;
				MTL_ENABLE_DEBUG_INFO = INCLUDE_SOURCE;
				MTL_FAST_MATH = YES;
				ONLY_ACTIVE_ARCH = YES;
				SDKROOT = iphoneos;
			};
			name = Debug;
		};
		FD3DE2ED22EAA10F0094914C /* Release */ = {
			isa = XCBuildConfiguration;
			buildSettings = {
				ALWAYS_SEARCH_USER_PATHS = NO;
				CLANG_ANALYZER_NONNULL = YES;
				CLANG_ANALYZER_NUMBER_OBJECT_CONVERSION = YES_AGGRESSIVE;
				CLANG_CXX_LANGUAGE_STANDARD = "gnu++14";
				CLANG_CXX_LIBRARY = "libc++";
				CLANG_ENABLE_MODULES = YES;
				CLANG_ENABLE_OBJC_ARC = YES;
				CLANG_ENABLE_OBJC_WEAK = YES;
				CLANG_WARN_BLOCK_CAPTURE_AUTORELEASING = YES;
				CLANG_WARN_BOOL_CONVERSION = YES;
				CLANG_WARN_COMMA = YES;
				CLANG_WARN_CONSTANT_CONVERSION = YES;
				CLANG_WARN_DEPRECATED_OBJC_IMPLEMENTATIONS = YES;
				CLANG_WARN_DIRECT_OBJC_ISA_USAGE = YES_ERROR;
				CLANG_WARN_DOCUMENTATION_COMMENTS = YES;
				CLANG_WARN_EMPTY_BODY = YES;
				CLANG_WARN_ENUM_CONVERSION = YES;
				CLANG_WARN_INFINITE_RECURSION = YES;
				CLANG_WARN_INT_CONVERSION = YES;
				CLANG_WARN_NON_LITERAL_NULL_CONVERSION = YES;
				CLANG_WARN_OBJC_IMPLICIT_RETAIN_SELF = YES;
				CLANG_WARN_OBJC_LITERAL_CONVERSION = YES;
				CLANG_WARN_OBJC_ROOT_CLASS = YES_ERROR;
				CLANG_WARN_RANGE_LOOP_ANALYSIS = YES;
				CLANG_WARN_STRICT_PROTOTYPES = YES;
				CLANG_WARN_SUSPICIOUS_MOVE = YES;
				CLANG_WARN_UNGUARDED_AVAILABILITY = YES_AGGRESSIVE;
				CLANG_WARN_UNREACHABLE_CODE = YES;
				CLANG_WARN__DUPLICATE_METHOD_MATCH = YES;
				CODE_SIGN_IDENTITY = "iPhone Developer";
				COPY_PHASE_STRIP = NO;
				DEBUG_INFORMATION_FORMAT = "dwarf-with-dsym";
				ENABLE_NS_ASSERTIONS = NO;
				ENABLE_STRICT_OBJC_MSGSEND = YES;
				GCC_C_LANGUAGE_STANDARD = gnu11;
				GCC_NO_COMMON_BLOCKS = YES;
				GCC_WARN_64_TO_32_BIT_CONVERSION = YES;
				GCC_WARN_ABOUT_RETURN_TYPE = YES_ERROR;
				GCC_WARN_UNDECLARED_SELECTOR = YES;
				GCC_WARN_UNINITIALIZED_AUTOS = YES_AGGRESSIVE;
				GCC_WARN_UNUSED_FUNCTION = YES;
				GCC_WARN_UNUSED_VARIABLE = YES;
				IPHONEOS_DEPLOYMENT_TARGET = 8.0;
				MTL_ENABLE_DEBUG_INFO = NO;
				MTL_FAST_MATH = YES;
				SDKROOT = iphoneos;
				VALIDATE_PRODUCT = YES;
			};
			name = Release;
		};
		FD3DE2EF22EAA10F0094914C /* Debug */ = {
			isa = XCBuildConfiguration;
			buildSettings = {
				ASSETCATALOG_COMPILER_APPICON_NAME = AppIcon;
				CODE_SIGN_STYLE = Automatic;
				DEVELOPMENT_TEAM = 9GS5H72VYE;
				GCC_PRECOMPILE_PREFIX_HEADER = YES;
				GCC_PREFIX_HEADER = YWPhotoView/PrefixHeader.pch;
				INFOPLIST_FILE = YWPhotoView/Info.plist;
				IPHONEOS_DEPLOYMENT_TARGET = 8.0;
				LD_RUNPATH_SEARCH_PATHS = (
					"$(inherited)",
					"@executable_path/Frameworks",
				);
				PRODUCT_BUNDLE_IDENTIFIER = YW.YWPhotoView;
				PRODUCT_NAME = "$(TARGET_NAME)";
				TARGETED_DEVICE_FAMILY = 1;
			};
			name = Debug;
		};
		FD3DE2F022EAA10F0094914C /* Release */ = {
			isa = XCBuildConfiguration;
			buildSettings = {
				ASSETCATALOG_COMPILER_APPICON_NAME = AppIcon;
				CODE_SIGN_STYLE = Automatic;
				DEVELOPMENT_TEAM = 9GS5H72VYE;
				GCC_PRECOMPILE_PREFIX_HEADER = YES;
				GCC_PREFIX_HEADER = YWPhotoView/PrefixHeader.pch;
				INFOPLIST_FILE = YWPhotoView/Info.plist;
				IPHONEOS_DEPLOYMENT_TARGET = 8.0;
				LD_RUNPATH_SEARCH_PATHS = (
					"$(inherited)",
					"@executable_path/Frameworks",
				);
				PRODUCT_BUNDLE_IDENTIFIER = YW.YWPhotoView;
				PRODUCT_NAME = "$(TARGET_NAME)";
				TARGETED_DEVICE_FAMILY = 1;
			};
			name = Release;
		};
		FD3DE2F222EAA10F0094914C /* Debug */ = {
			isa = XCBuildConfiguration;
			buildSettings = {
				BUNDLE_LOADER = "$(TEST_HOST)";
				CODE_SIGN_STYLE = Automatic;
				DEVELOPMENT_TEAM = 9GS5H72VYE;
				INFOPLIST_FILE = YWPhotoViewTests/Info.plist;
				LD_RUNPATH_SEARCH_PATHS = (
					"$(inherited)",
					"@executable_path/Frameworks",
					"@loader_path/Frameworks",
				);
				PRODUCT_BUNDLE_IDENTIFIER = YW.YWPhotoViewTests;
				PRODUCT_NAME = "$(TARGET_NAME)";
				TARGETED_DEVICE_FAMILY = "1,2";
				TEST_HOST = "$(BUILT_PRODUCTS_DIR)/YWPhotoView.app/YWPhotoView";
			};
			name = Debug;
		};
		FD3DE2F322EAA10F0094914C /* Release */ = {
			isa = XCBuildConfiguration;
			buildSettings = {
				BUNDLE_LOADER = "$(TEST_HOST)";
				CODE_SIGN_STYLE = Automatic;
				DEVELOPMENT_TEAM = 9GS5H72VYE;
				INFOPLIST_FILE = YWPhotoViewTests/Info.plist;
				LD_RUNPATH_SEARCH_PATHS = (
					"$(inherited)",
					"@executable_path/Frameworks",
					"@loader_path/Frameworks",
				);
				PRODUCT_BUNDLE_IDENTIFIER = YW.YWPhotoViewTests;
				PRODUCT_NAME = "$(TARGET_NAME)";
				TARGETED_DEVICE_FAMILY = "1,2";
				TEST_HOST = "$(BUILT_PRODUCTS_DIR)/YWPhotoView.app/YWPhotoView";
			};
			name = Release;
		};
		FD3DE2F522EAA10F0094914C /* Debug */ = {
			isa = XCBuildConfiguration;
			buildSettings = {
				CODE_SIGN_STYLE = Automatic;
				DEVELOPMENT_TEAM = 9GS5H72VYE;
				INFOPLIST_FILE = YWPhotoViewUITests/Info.plist;
				LD_RUNPATH_SEARCH_PATHS = (
					"$(inherited)",
					"@executable_path/Frameworks",
					"@loader_path/Frameworks",
				);
				PRODUCT_BUNDLE_IDENTIFIER = YW.YWPhotoViewUITests;
				PRODUCT_NAME = "$(TARGET_NAME)";
				TARGETED_DEVICE_FAMILY = "1,2";
				TEST_TARGET_NAME = YWPhotoView;
			};
			name = Debug;
		};
		FD3DE2F622EAA10F0094914C /* Release */ = {
			isa = XCBuildConfiguration;
			buildSettings = {
				CODE_SIGN_STYLE = Automatic;
				DEVELOPMENT_TEAM = 9GS5H72VYE;
				INFOPLIST_FILE = YWPhotoViewUITests/Info.plist;
				LD_RUNPATH_SEARCH_PATHS = (
					"$(inherited)",
					"@executable_path/Frameworks",
					"@loader_path/Frameworks",
				);
				PRODUCT_BUNDLE_IDENTIFIER = YW.YWPhotoViewUITests;
				PRODUCT_NAME = "$(TARGET_NAME)";
				TARGETED_DEVICE_FAMILY = "1,2";
				TEST_TARGET_NAME = YWPhotoView;
			};
			name = Release;
		};
/* End XCBuildConfiguration section */

/* Begin XCConfigurationList section */
		FD3DE2BD22EAA10B0094914C /* Build configuration list for PBXProject "YWPhotoView" */ = {
			isa = XCConfigurationList;
			buildConfigurations = (
				FD3DE2EC22EAA10F0094914C /* Debug */,
				FD3DE2ED22EAA10F0094914C /* Release */,
			);
			defaultConfigurationIsVisible = 0;
			defaultConfigurationName = Release;
		};
		FD3DE2EE22EAA10F0094914C /* Build configuration list for PBXNativeTarget "YWPhotoView" */ = {
			isa = XCConfigurationList;
			buildConfigurations = (
				FD3DE2EF22EAA10F0094914C /* Debug */,
				FD3DE2F022EAA10F0094914C /* Release */,
			);
			defaultConfigurationIsVisible = 0;
			defaultConfigurationName = Release;
		};
		FD3DE2F122EAA10F0094914C /* Build configuration list for PBXNativeTarget "YWPhotoViewTests" */ = {
			isa = XCConfigurationList;
			buildConfigurations = (
				FD3DE2F222EAA10F0094914C /* Debug */,
				FD3DE2F322EAA10F0094914C /* Release */,
			);
			defaultConfigurationIsVisible = 0;
			defaultConfigurationName = Release;
		};
		FD3DE2F422EAA10F0094914C /* Build configuration list for PBXNativeTarget "YWPhotoViewUITests" */ = {
			isa = XCConfigurationList;
			buildConfigurations = (
				FD3DE2F522EAA10F0094914C /* Debug */,
				FD3DE2F622EAA10F0094914C /* Release */,
			);
			defaultConfigurationIsVisible = 0;
			defaultConfigurationName = Release;
		};
/* End XCConfigurationList section */
	};
	rootObject = FD3DE2BA22EAA10B0094914C /* Project object */;
}
